{
  "name": "git-pr-ai",
  "version": "1.8.5",
  "lockfileVersion": 3,
  "requires": true,
  "packages": {
    "": {
      "name": "git-pr-ai",
      "version": "1.8.5",
      "hasInstallScript": true,
      "license": "MIT",
      "dependencies": {
        "@inquirer/prompts": "^7.8.0",
        "commander": "^14.0.0",
        "dayjs": "^1.11.13",
        "ora": "^8.2.0",
        "zx": "^8.7.2"
      },
      "bin": {
        "git-create-branch": "dist/git-create-branch.js",
        "git-open-pr": "dist/git-open-pr.js",
        "git-plan-issue": "dist/git-plan-issue.js",
        "git-pr-ai": "dist/git-pr-ai.js",
        "git-pr-review": "dist/git-pr-review.js",
        "git-take-issue": "dist/git-take-issue.js",
        "git-update-pr-desc": "dist/git-update-pr-desc.js",
        "git-weekly-summary": "dist/git-weekly-summary.js"
      },
      "devDependencies": {
        "@types/node": "^24.1.0",
        "oxlint": "^1.9.0",
        "prettier": "^3.6.2",
        "tsdown": "^0.13.2",
        "typescript": "^5.9.2"
      },
      "engines": {
        "node": ">=20.0.0"
      }
    },
    "../../node_modules/.pnpm/@inquirer+prompts@7.8.0_@types+node@24.1.0/node_modules/@inquirer/prompts": {
      "version": "7.8.0",
      "license": "MIT",
      "dependencies": {
        "@inquirer/checkbox": "^4.2.0",
        "@inquirer/confirm": "^5.1.14",
        "@inquirer/editor": "^4.2.15",
        "@inquirer/expand": "^4.0.17",
        "@inquirer/input": "^4.2.1",
        "@inquirer/number": "^3.0.17",
        "@inquirer/password": "^4.0.17",
        "@inquirer/rawlist": "^4.1.5",
        "@inquirer/search": "^3.1.0",
        "@inquirer/select": "^4.3.1"
      },
      "devDependencies": {
        "@arethetypeswrong/cli": "^0.18.2",
        "@inquirer/type": "^3.0.8",
        "tshy": "^3.0.2"
      },
      "engines": {
        "node": ">=18"
      },
      "peerDependencies": {
        "@types/node": ">=18"
      },
      "peerDependenciesMeta": {
        "@types/node": {
          "optional": true
        }
      }
    },
    "../../node_modules/.pnpm/@types+node@24.1.0/node_modules/@types/node": {
      "version": "24.1.0",
      "dev": true,
      "license": "MIT",
      "dependencies": {
        "undici-types": "~7.8.0"
      }
    },
    "../../node_modules/.pnpm/commander@14.0.0/node_modules/commander": {
      "version": "14.0.0",
      "license": "MIT",
      "devDependencies": {
        "@eslint/js": "^9.4.0",
        "@types/jest": "^29.2.4",
        "@types/node": "^22.7.4",
        "eslint": "^9.17.0",
        "eslint-config-prettier": "^10.0.1",
        "eslint-plugin-jest": "^28.3.0",
        "globals": "^16.0.0",
        "jest": "^29.3.1",
        "prettier": "^3.2.5",
        "ts-jest": "^29.0.3",
        "tsd": "^0.31.0",
        "typescript": "^5.0.4",
        "typescript-eslint": "^8.12.2"
      },
      "engines": {
        "node": ">=20"
      }
    },
    "../../node_modules/.pnpm/ora@8.2.0/node_modules/ora": {
      "version": "8.2.0",
      "license": "MIT",
      "dependencies": {
        "chalk": "^5.3.0",
        "cli-cursor": "^5.0.0",
        "cli-spinners": "^2.9.2",
        "is-interactive": "^2.0.0",
        "is-unicode-supported": "^2.0.0",
        "log-symbols": "^6.0.0",
        "stdin-discarder": "^0.2.2",
        "string-width": "^7.2.0",
        "strip-ansi": "^7.1.0"
      },
      "devDependencies": {
        "@types/node": "^22.5.0",
        "ava": "^5.3.1",
        "get-stream": "^9.0.1",
        "transform-tty": "^1.0.11",
        "tsd": "^0.31.1",
        "xo": "^0.59.3"
      },
      "engines": {
        "node": ">=18"
      },
      "funding": {
        "url": "https://github.com/sponsors/sindresorhus"
      }
    },
    "../../node_modules/.pnpm/oxlint@1.9.0/node_modules/oxlint": {
      "version": "1.9.0",
      "dev": true,
      "license": "MIT",
      "bin": {
        "oxc_language_server": "bin/oxc_language_server",
        "oxlint": "bin/oxlint"
      },
      "engines": {
        "node": ">=8.*"
      },
      "funding": {
        "url": "https://github.com/sponsors/Boshen"
      },
      "optionalDependencies": {
        "@oxlint/darwin-arm64": "1.9.0",
        "@oxlint/darwin-x64": "1.9.0",
        "@oxlint/linux-arm64-gnu": "1.9.0",
        "@oxlint/linux-arm64-musl": "1.9.0",
        "@oxlint/linux-x64-gnu": "1.9.0",
        "@oxlint/linux-x64-musl": "1.9.0",
        "@oxlint/win32-arm64": "1.9.0",
        "@oxlint/win32-x64": "1.9.0"
      }
    },
    "../../node_modules/.pnpm/prettier@3.6.2/node_modules/prettier": {
      "version": "3.6.2",
      "dev": true,
      "license": "MIT",
      "bin": {
        "prettier": "bin/prettier.cjs"
      },
      "engines": {
        "node": ">=14"
      },
      "funding": {
        "url": "https://github.com/prettier/prettier?sponsor=1"
      }
    },
    "../../node_modules/.pnpm/tsdown@0.13.2_typescript@5.9.2/node_modules/tsdown": {
      "version": "0.13.2",
      "dev": true,
      "license": "MIT",
      "dependencies": {
        "ansis": "^4.1.0",
        "cac": "^6.7.14",
        "chokidar": "^4.0.3",
        "debug": "^4.4.1",
        "diff": "^8.0.2",
        "empathic": "^2.0.0",
        "hookable": "^5.5.3",
        "rolldown": "^1.0.0-beta.30",
        "rolldown-plugin-dts": "^0.15.0",
        "semver": "^7.7.2",
        "tinyexec": "^1.0.1",
        "tinyglobby": "^0.2.14",
        "tree-kill": "^1.2.2",
        "unconfig": "^7.3.2"
      },
      "bin": {
        "tsdown": "dist/run.mjs"
      },
      "devDependencies": {
        "@arethetypeswrong/core": "^0.18.2",
        "@sxzz/eslint-config": "^7.1.2",
        "@sxzz/prettier-config": "^2.2.3",
        "@sxzz/test-utils": "^0.5.9",
        "@types/debug": "^4.1.12",
        "@types/node": "^24.1.0",
        "@types/semver": "^7.7.0",
        "@unocss/eslint-plugin": "^66.4.0",
        "@vueuse/core": "^13.6.0",
        "bumpp": "^10.2.2",
        "eslint": "^9.32.0",
        "lightningcss": "^1.30.1",
        "oxc-minify": "^0.79.1",
        "pkg-types": "^2.2.0",
        "prettier": "^3.6.2",
        "publint": "^0.3.12",
        "tsx": "^4.20.3",
        "typedoc": "^0.28.9",
        "typedoc-plugin-markdown": "^4.8.0",
        "typedoc-vitepress-theme": "^1.1.2",
        "typescript": "~5.9.2",
        "unocss": "^66.4.0",
        "unplugin-lightningcss": "^0.4.1",
        "unplugin-unused": "^0.5.1",
        "vite": "npm:rolldown-vite@latest",
        "vitepress": "^2.0.0-alpha.7",
        "vitepress-plugin-group-icons": "^1.6.1",
        "vitepress-plugin-llms": "^1.7.2",
        "vitest": "^3.2.4",
        "vue": "^3.5.18"
      },
      "engines": {
        "node": ">=20.19.0"
      },
      "funding": {
        "url": "https://github.com/sponsors/sxzz"
      },
      "peerDependencies": {
        "@arethetypeswrong/core": "^0.18.1",
        "publint": "^0.3.0",
        "typescript": "^5.0.0",
        "unplugin-lightningcss": "^0.4.0",
        "unplugin-unused": "^0.5.0"
      },
      "peerDependenciesMeta": {
        "@arethetypeswrong/core": {
          "optional": true
        },
        "publint": {
          "optional": true
        },
        "typescript": {
          "optional": true
        },
        "unplugin-lightningcss": {
          "optional": true
        },
        "unplugin-unused": {
          "optional": true
        }
      }
    },
    "../../node_modules/.pnpm/typescript@5.9.2/node_modules/typescript": {
      "version": "5.9.2",
      "dev": true,
      "license": "Apache-2.0",
      "bin": {
        "tsc": "bin/tsc",
        "tsserver": "bin/tsserver"
      },
      "devDependencies": {
        "@dprint/formatter": "^0.4.1",
        "@dprint/typescript": "0.93.4",
        "@esfx/canceltoken": "^1.0.0",
        "@eslint/js": "^9.20.0",
        "@octokit/rest": "^21.1.1",
        "@types/chai": "^4.3.20",
        "@types/diff": "^7.0.1",
        "@types/minimist": "^1.2.5",
        "@types/mocha": "^10.0.10",
        "@types/ms": "^0.7.34",
        "@types/node": "latest",
        "@types/source-map-support": "^0.5.10",
        "@types/which": "^3.0.4",
        "@typescript-eslint/rule-tester": "^8.24.1",
        "@typescript-eslint/type-utils": "^8.24.1",
        "@typescript-eslint/utils": "^8.24.1",
        "azure-devops-node-api": "^14.1.0",
        "c8": "^10.1.3",
        "chai": "^4.5.0",
        "chokidar": "^4.0.3",
        "diff": "^7.0.0",
        "dprint": "^0.49.0",
        "esbuild": "^0.25.0",
        "eslint": "^9.20.1",
        "eslint-formatter-autolinkable-stylish": "^1.4.0",
        "eslint-plugin-regexp": "^2.7.0",
        "fast-xml-parser": "^4.5.2",
        "glob": "^10.4.5",
        "globals": "^15.15.0",
        "hereby": "^1.10.0",
        "jsonc-parser": "^3.3.1",
        "knip": "^5.44.4",
        "minimist": "^1.2.8",
        "mocha": "^10.8.2",
        "mocha-fivemat-progress-reporter": "^0.1.0",
        "monocart-coverage-reports": "^2.12.1",
        "ms": "^2.1.3",
        "picocolors": "^1.1.1",
        "playwright": "^1.50.1",
        "source-map-support": "^0.5.21",
        "tslib": "^2.8.1",
        "typescript": "^5.7.3",
        "typescript-eslint": "^8.24.1",
        "which": "^3.0.1"
      },
      "engines": {
        "node": ">=14.17"
      }
    },
    "../../node_modules/.pnpm/zx@8.7.2/node_modules/zx": {
      "version": "8.7.2",
      "license": "Apache-2.0",
      "bin": {
        "zx": "build/cli.js"
      },
      "engines": {
        "node": ">= 12.17.0"
      }
    },
    "node_modules/@inquirer/prompts": {
      "resolved": "../../node_modules/.pnpm/@inquirer+prompts@7.8.0_@types+node@24.1.0/node_modules/@inquirer/prompts",
      "link": true
    },
    "node_modules/@types/node": {
      "resolved": "../../node_modules/.pnpm/@types+node@24.1.0/node_modules/@types/node",
      "link": true
    },
    "node_modules/commander": {
      "resolved": "../../node_modules/.pnpm/commander@14.0.0/node_modules/commander",
      "link": true
    },
    "node_modules/dayjs": {
      "version": "1.11.13",
      "resolved": "https://registry.npmjs.org/dayjs/-/dayjs-1.11.13.tgz",
      "integrity": "sha512-oaMBel6gjolK862uaPQOVTA7q3TZhuSvuMQAAglQDOWYO9A91IrAOUJEyKVlqJlHE0vq5p5UXxzdPfMH/x6xNg==",
      "license": "MIT"
    },
    "node_modules/ora": {
      "resolved": "../../node_modules/.pnpm/ora@8.2.0/node_modules/ora",
      "link": true
    },
    "node_modules/oxlint": {
      "resolved": "../../node_modules/.pnpm/oxlint@1.9.0/node_modules/oxlint",
      "link": true
    },
    "node_modules/prettier": {
      "resolved": "../../node_modules/.pnpm/prettier@3.6.2/node_modules/prettier",
      "link": true
    },
    "node_modules/tsdown": {
      "resolved": "../../node_modules/.pnpm/tsdown@0.13.2_typescript@5.9.2/node_modules/tsdown",
      "link": true
    },
    "node_modules/typescript": {
      "resolved": "../../node_modules/.pnpm/typescript@5.9.2/node_modules/typescript",
      "link": true
    },
    "node_modules/zx": {
      "resolved": "../../node_modules/.pnpm/zx@8.7.2/node_modules/zx",
      "link": true
    }
  }
}
